
Microsoft Visual Studio Solution File, Format Version 12.00
# Visual Studio 2012
Project("{FAE04EC0-301F-11D3-BF4B-00C04F79EFBC}") = "ZTest.Library", "ZTest.Library\ZTest.Library.csproj", "{708E760B-B61B-4287-9D1D-6558DFFB9CFC}"
EndProject
Project("{FAE04EC0-301F-11D3-BF4B-00C04F79EFBC}") = "ZTest.Suites", "ZTest.Suites\ZTest.Suites.csproj", "{3A7EE69E-E257-4C5C-A579-B97C4F66DCD6}"
EndProject
Global
	GlobalSection(SolutionConfigurationPlatforms) = preSolution
		Debug|Any CPU = Debug|Any CPU
		Release|Any CPU = Release|Any CPU
	EndGlobalSection
	GlobalSection(ProjectConfigurationPlatforms) = postSolution
		{708E760B-B61B-4287-9D1D-6558DFFB9CFC}.Debug|Any CPU.ActiveCfg = Debug|Any CPU
		{708E760B-B61B-4287-9D1D-6558DFFB9CFC}.Debug|Any CPU.Build.0 = Debug|Any CPU
		{708E760B-B61B-4287-9D1D-6558DFFB9CFC}.Release|Any CPU.ActiveCfg = Release|Any CPU
		{708E760B-B61B-4287-9D1D-6558DFFB9CFC}.Release|Any CPU.Build.0 = Release|Any CPU
		{3A7EE69E-E257-4C5C-A579-B97C4F66DCD6}.Debug|Any CPU.ActiveCfg = Debug|Any CPU
		{3A7EE69E-E257-4C5C-A579-B97C4F66DCD6}.Debug|Any CPU.Build.0 = Debug|Any CPU
		{3A7EE69E-E257-4C5C-A579-B97C4F66DCD6}.Release|Any CPU.ActiveCfg = Release|Any CPU
		{3A7EE69E-E257-4C5C-A579-B97C4F66DCD6}.Release|Any CPU.Build.0 = Release|Any CPU
	EndGlobalSection
	GlobalSection(SolutionProperties) = preSolution
		HideSolutionNode = FALSE
	EndGlobalSection
EndGlobal
